
Microsoft Visual Studio Solution File, Format Version 12.00
# Visual Studio Version 17
VisualStudioVersion = 17.9.34616.47
MinimumVisualStudioVersion = 10.0.40219.1
Project("{FAE04EC0-301F-11D3-BF4B-00C04F79EFBC}") = "cesiAnimal", "cesiAnimal\cesiAnimal.csproj", "{37CD944E-80A3-4007-88DE-9ED30BC0C247}"
EndProject
Global
	GlobalSection(SolutionConfigurationPlatforms) = preSolution
		Debug|Any CPU = Debug|Any CPU
		Release|Any CPU = Release|Any CPU
	EndGlobalSection
	GlobalSection(ProjectConfigurationPlatforms) = postSolution
		{37CD944E-80A3-4007-88DE-9ED30BC0C247}.Debug|Any CPU.ActiveCfg = Debug|Any CPU
		{37CD944E-80A3-4007-88DE-9ED30BC0C247}.Debug|Any CPU.Build.0 = Debug|Any CPU
		{37CD944E-80A3-4007-88DE-9ED30BC0C247}.Release|Any CPU.ActiveCfg = Release|Any CPU
		{37CD944E-80A3-4007-88DE-9ED30BC0C247}.Release|Any CPU.Build.0 = Release|Any CPU
	EndGlobalSection
	GlobalSection(SolutionProperties) = preSolution
		HideSolutionNode = FALSE
	EndGlobalSection
	GlobalSection(ExtensibilityGlobals) = postSolution
		SolutionGuid = {CC41EAE6-2EAF-4530-B582-ED2344D595AC}
	EndGlobalSection
EndGlobal
